{
  "name": "qa-automation-base",
  "version": "1.0.0",
  "lockfileVersion": 2,
  "requires": true,
  "packages": {
    "": {
      "name": "qa-automation-base",
      "version": "1.0.0",
      "license": "ISC",
      "dependencies": {
        "axios": "^1.7.9",
        "prettier": "^2.6.1"
      },
      "devDependencies": {
        "@playwright/test": "^1.49.1",
        "allure-commandline": "^2.32.0",
        "allure-playwright": "3.0.7",
        "experimental-allure-playwright": "^0.0.3",
        "playwright": "^1.49.1"
      }
    },
    "node_modules/@playwright/test": {
      "version": "1.49.1",
      "resolved": "https://registry.npmjs.org/@playwright/test/-/test-1.49.1.tgz",
      "integrity": "sha512-Ky+BVzPz8pL6PQxHqNRW1k3mIyv933LML7HktS8uik0bUXNCdPhoS/kLihiO1tMf/egaJb4IutXd7UywvXEW+g==",
      "dev": true,
      "license": "Apache-2.0",
      "dependencies": {
        "playwright": "1.49.1"
      },
      "bin": {
        "playwright": "cli.js"
      },
      "engines": {
        "node": ">=18"
      }
    },
    "node_modules/allure-commandline": {
      "version": "2.32.0",
      "resolved": "https://registry.npmjs.org/allure-commandline/-/allure-commandline-2.32.0.tgz",
      "integrity": "sha512-W03ors+ks8uy0SgQILHQvtvR0iadAfDYmTFC3p8Pk4pi8KXUW1cF+z8FN2+7deH3FE2cuYgjhhA+CdLdJfzOMQ==",
      "dev": true,
      "license": "Apache-2.0",
      "bin": {
        "allure": "bin/allure"
      }
    },
    "node_modules/allure-js-commons": {
      "version": "3.0.7",
      "resolved": "https://registry.npmjs.org/allure-js-commons/-/allure-js-commons-3.0.7.tgz",
      "integrity": "sha512-keHlPAtmzdtEK8FT5W0mOMYh9ZrdlhbrDyaaAKMNHipF/EsFak18XdbLiAKhnHbHiicE+n3BrmBU4rfQEoFHzA==",
      "dev": true,
      "license": "Apache-2.0",
      "dependencies": {
        "md5": "^2.3.0"
      },
      "peerDependencies": {
        "allure-playwright": "3.0.7"
      },
      "peerDependenciesMeta": {
        "allure-playwright": {
          "optional": true
        }
      }
    },
    "node_modules/allure-playwright": {
      "version": "3.0.7",
      "resolved": "https://registry.npmjs.org/allure-playwright/-/allure-playwright-3.0.7.tgz",
      "integrity": "sha512-kFiPBCeAGOMcJmbFOw1ANjcfH+NuXMm5NIx8QEqb1XTqzMBTOA6xeci7DVgPlrKqJtgYm3AQ4YdxzBnJZzGrog==",
      "dev": true,
      "license": "Apache-2.0",
      "dependencies": {
        "allure-js-commons": "3.0.7"
      },
      "peerDependencies": {
        "@playwright/test": ">=1.36.0"
      }
    },
    "node_modules/asynckit": {
      "version": "0.4.0",
      "resolved": "https://registry.npmjs.org/asynckit/-/asynckit-0.4.0.tgz",
      "integrity": "sha512-Oei9OH4tRh0YqU3GxhX79dM/mwVgvbZJaSNaRk+bshkj0S5cfHcgYakreBjrHwatXKbz+IoIdYLxrKim2MjW0Q==",
      "license": "MIT"
    },
    "node_modules/axios": {
      "version": "1.7.9",
      "resolved": "https://registry.npmjs.org/axios/-/axios-1.7.9.tgz",
      "integrity": "sha512-LhLcE7Hbiryz8oMDdDptSrWowmB4Bl6RCt6sIJKpRB4XtVf0iEgewX3au/pJqm+Py1kCASkb/FFKjxQaLtxJvw==",
      "license": "MIT",
      "dependencies": {
        "follow-redirects": "^1.15.6",
        "form-data": "^4.0.0",
        "proxy-from-env": "^1.1.0"
      }
    },
    "node_modules/charenc": {
      "version": "0.0.2",
      "resolved": "https://registry.npmjs.org/charenc/-/charenc-0.0.2.tgz",
      "integrity": "sha512-yrLQ/yVUFXkzg7EDQsPieE/53+0RlaWTs+wBrvW36cyilJ2SaDWfl4Yj7MtLTXleV9uEKefbAGUPv2/iWSooRA==",
      "dev": true,
      "license": "BSD-3-Clause",
      "engines": {
        "node": "*"
      }
    },
    "node_modules/combined-stream": {
      "version": "1.0.8",
      "resolved": "https://registry.npmjs.org/combined-stream/-/combined-stream-1.0.8.tgz",
      "integrity": "sha512-FQN4MRfuJeHf7cBbBMJFXhKSDq+2kAArBlmRBvcvFE5BB1HZKXtSFASDhdlz9zOYwxh8lDdnvmMOe/+5cdoEdg==",
      "license": "MIT",
      "dependencies": {
        "delayed-stream": "~1.0.0"
      },
      "engines": {
        "node": ">= 0.8"
      }
    },
    "node_modules/crypt": {
      "version": "0.0.2",
      "resolved": "https://registry.npmjs.org/crypt/-/crypt-0.0.2.tgz",
      "integrity": "sha512-mCxBlsHFYh9C+HVpiEacem8FEBnMXgU9gy4zmNC+SXAZNB/1idgp/aulFJ4FgCi7GPEVbfyng092GqL2k2rmow==",
      "dev": true,
      "license": "BSD-3-Clause",
      "engines": {
        "node": "*"
      }
    },
    "node_modules/delayed-stream": {
      "version": "1.0.0",
      "resolved": "https://registry.npmjs.org/delayed-stream/-/delayed-stream-1.0.0.tgz",
      "integrity": "sha512-ZySD7Nf91aLB0RxL4KGrKHBXl7Eds1DAmEdcoVawXnLD7SDhpNgtuII2aAkg7a7QS41jxPSZ17p4VdGnMHk3MQ==",
      "license": "MIT",
      "engines": {
        "node": ">=0.4.0"
      }
    },
    "node_modules/experimental-allure-js-commons": {
      "version": "0.0.1",
      "resolved": "https://registry.npmjs.org/experimental-allure-js-commons/-/experimental-allure-js-commons-0.0.1.tgz",
      "integrity": "sha512-/cduBI0j/Vj4+NyriSu4yHPetuXxOvg2xH10VAs2w9l0P917qKWhRO58gZrn6aXZBDalrmjAQXiqYNz2odNxOg==",
      "dev": true,
      "dependencies": {
        "mkdirp": "^1.0.4",
        "properties": "^1.2.1",
        "uuid": "^8.3.0"
      }
    },
    "node_modules/experimental-allure-playwright": {
      "version": "0.0.3",
      "resolved": "https://registry.npmjs.org/experimental-allure-playwright/-/experimental-allure-playwright-0.0.3.tgz",
      "integrity": "sha512-SLLy5ipeAGRR/z4ZB0IXI8DZnYovoBfFwYV8ChrBbQsaAQJw9ZBCuMIkUHELd/dms+xakxWi6vKOAHEz7DcOvw==",
      "dev": true,
      "dependencies": {
        "@types/node": "^15.14.1",
        "experimental-allure-js-commons": "=0.0.1"
      }
    },
    "node_modules/experimental-allure-playwright/node_modules/@types/node": {
      "version": "15.14.9",
      "resolved": "https://registry.npmjs.org/@types/node/-/node-15.14.9.tgz",
      "integrity": "sha512-qjd88DrCxupx/kJD5yQgZdcYKZKSIGBVDIBE1/LTGcNm3d2Np/jxojkdePDdfnBHJc5W7vSMpbJ1aB7p/Py69A==",
      "dev": true
    },
    "node_modules/follow-redirects": {
      "version": "1.15.9",
      "resolved": "https://registry.npmjs.org/follow-redirects/-/follow-redirects-1.15.9.tgz",
      "integrity": "sha512-gew4GsXizNgdoRyqmyfMHyAmXsZDk6mHkSxZFCzW9gwlbtOW44CDtYavM+y+72qD/Vq2l550kMF52DT8fOLJqQ==",
      "funding": [
        {
          "type": "individual",
          "url": "https://github.com/sponsors/RubenVerborgh"
        }
      ],
      "license": "MIT",
      "engines": {
        "node": ">=4.0"
      },
      "peerDependenciesMeta": {
        "debug": {
          "optional": true
        }
      }
    },
    "node_modules/form-data": {
      "version": "4.0.1",
      "resolved": "https://registry.npmjs.org/form-data/-/form-data-4.0.1.tgz",
      "integrity": "sha512-tzN8e4TX8+kkxGPK8D5u0FNmjPUjw3lwC9lSLxxoB/+GtsJG91CO8bSWy73APlgAZzZbXEYZJuxjkHH2w+Ezhw==",
      "license": "MIT",
      "dependencies": {
        "asynckit": "^0.4.0",
        "combined-stream": "^1.0.8",
        "mime-types": "^2.1.12"
      },
      "engines": {
        "node": ">= 6"
      }
    },
    "node_modules/fsevents": {
      "version": "2.3.2",
      "resolved": "https://registry.npmjs.org/fsevents/-/fsevents-2.3.2.tgz",
      "integrity": "sha512-xiqMQR4xAeHTuB9uWm+fFRcIOgKBMiOBP+eXiyT7jsgVCq1bkVygt00oASowB7EdtpOHaaPgKt812P9ab+DDKA==",
      "dev": true,
      "hasInstallScript": true,
      "license": "MIT",
      "optional": true,
      "os": [
        "darwin"
      ],
      "engines": {
        "node": "^8.16.0 || ^10.6.0 || >=11.0.0"
      }
    },
    "node_modules/is-buffer": {
      "version": "1.1.6",
      "resolved": "https://registry.npmjs.org/is-buffer/-/is-buffer-1.1.6.tgz",
      "integrity": "sha512-NcdALwpXkTm5Zvvbk7owOUSvVvBKDgKP5/ewfXEznmQFfs4ZRmanOeKBTjRVjka3QFoN6XJ+9F3USqfHqTaU5w==",
      "dev": true,
      "license": "MIT"
    },
    "node_modules/md5": {
      "version": "2.3.0",
      "resolved": "https://registry.npmjs.org/md5/-/md5-2.3.0.tgz",
      "integrity": "sha512-T1GITYmFaKuO91vxyoQMFETst+O71VUPEU3ze5GNzDm0OWdP8v1ziTaAEPUr/3kLsY3Sftgz242A1SetQiDL7g==",
      "dev": true,
      "license": "BSD-3-Clause",
      "dependencies": {
        "charenc": "0.0.2",
        "crypt": "0.0.2",
        "is-buffer": "~1.1.6"
      }
    },
    "node_modules/mime-db": {
      "version": "1.52.0",
      "resolved": "https://registry.npmjs.org/mime-db/-/mime-db-1.52.0.tgz",
      "integrity": "sha512-sPU4uV7dYlvtWJxwwxHD0PuihVNiE7TyAbQ5SWxDCB9mUYvOgroQOwYQQOKPJ8CIbE+1ETVlOoK1UC2nU3gYvg==",
      "license": "MIT",
      "engines": {
        "node": ">= 0.6"
      }
    },
    "node_modules/mime-types": {
      "version": "2.1.35",
      "resolved": "https://registry.npmjs.org/mime-types/-/mime-types-2.1.35.tgz",
      "integrity": "sha512-ZDY+bPm5zTTF+YpCrAU9nK0UgICYPT0QtT1NZWFv4s++TNkcgVaT0g6+4R2uI4MjQjzysHB1zxuWL50hzaeXiw==",
      "license": "MIT",
      "dependencies": {
        "mime-db": "1.52.0"
      },
      "engines": {
        "node": ">= 0.6"
      }
    },
    "node_modules/mkdirp": {
      "version": "1.0.4",
      "resolved": "https://registry.npmjs.org/mkdirp/-/mkdirp-1.0.4.tgz",
      "integrity": "sha512-vVqVZQyf3WLx2Shd0qJ9xuvqgAyKPLAiqITEtqW0oIUjzo3PePDd6fW9iFz30ef7Ysp/oiWqbhszeGWW2T6Gzw==",
      "dev": true,
      "bin": {
        "mkdirp": "bin/cmd.js"
      },
      "engines": {
        "node": ">=10"
      }
    },
    "node_modules/playwright": {
      "version": "1.49.1",
      "resolved": "https://registry.npmjs.org/playwright/-/playwright-1.49.1.tgz",
      "integrity": "sha512-VYL8zLoNTBxVOrJBbDuRgDWa3i+mfQgDTrL8Ah9QXZ7ax4Dsj0MSq5bYgytRnDVVe+njoKnfsYkH3HzqVj5UZA==",
      "dev": true,
      "license": "Apache-2.0",
      "dependencies": {
        "playwright-core": "1.49.1"
      },
      "bin": {
        "playwright": "cli.js"
      },
      "engines": {
        "node": ">=18"
      },
      "optionalDependencies": {
        "fsevents": "2.3.2"
      }
    },
    "node_modules/playwright-core": {
      "version": "1.49.1",
      "resolved": "https://registry.npmjs.org/playwright-core/-/playwright-core-1.49.1.tgz",
      "integrity": "sha512-BzmpVcs4kE2CH15rWfzpjzVGhWERJfmnXmniSyKeRZUs9Ws65m+RGIi7mjJK/euCegfn3i7jvqWeWyHe9y3Vgg==",
      "dev": true,
      "license": "Apache-2.0",
      "bin": {
        "playwright-core": "cli.js"
      },
      "engines": {
        "node": ">=18"
      }
    },
    "node_modules/prettier": {
      "version": "2.6.1",
      "resolved": "https://registry.npmjs.org/prettier/-/prettier-2.6.1.tgz",
      "integrity": "sha512-8UVbTBYGwN37Bs9LERmxCPjdvPxlEowx2urIL6urHzdb3SDq4B/Z6xLFCblrSnE4iKWcS6ziJ3aOYrc1kz/E2A==",
      "bin": {
        "prettier": "bin-prettier.js"
      },
      "engines": {
        "node": ">=10.13.0"
      },
      "funding": {
        "url": "https://github.com/prettier/prettier?sponsor=1"
      }
    },
    "node_modules/properties": {
      "version": "1.2.1",
      "resolved": "https://registry.npmjs.org/properties/-/properties-1.2.1.tgz",
      "integrity": "sha1-Dul6f8AgsaKlW4ZZ7aSqjYaQlL0=",
      "dev": true,
      "engines": {
        "node": ">=0.10"
      }
    },
    "node_modules/proxy-from-env": {
      "version": "1.1.0",
      "resolved": "https://registry.npmjs.org/proxy-from-env/-/proxy-from-env-1.1.0.tgz",
      "integrity": "sha512-D+zkORCbA9f1tdWRK0RaCR3GPv50cMxcrz4X8k5LTSUD1Dkw47mKJEZQNunItRTkWwgtaUSo1RVFRIG9ZXiFYg==",
      "license": "MIT"
    },
    "node_modules/uuid": {
      "version": "8.3.2",
      "resolved": "https://registry.npmjs.org/uuid/-/uuid-8.3.2.tgz",
      "integrity": "sha512-+NYs2QeMWy+GWFOEm9xnn6HCDp0l7QBD7ml8zLUmJ+93Q5NF0NocErnwkTkXVFNiX3/fpC6afS8Dhb/gz7R7eg==",
      "dev": true,
      "bin": {
        "uuid": "dist/bin/uuid"
      }
    }
  },
  "dependencies": {
    "@playwright/test": {
      "version": "1.49.1",
      "resolved": "https://registry.npmjs.org/@playwright/test/-/test-1.49.1.tgz",
      "integrity": "sha512-Ky+BVzPz8pL6PQxHqNRW1k3mIyv933LML7HktS8uik0bUXNCdPhoS/kLihiO1tMf/egaJb4IutXd7UywvXEW+g==",
      "dev": true,
      "requires": {
        "playwright": "1.49.1"
      }
    },
    "allure-commandline": {
      "version": "2.32.0",
      "resolved": "https://registry.npmjs.org/allure-commandline/-/allure-commandline-2.32.0.tgz",
      "integrity": "sha512-W03ors+ks8uy0SgQILHQvtvR0iadAfDYmTFC3p8Pk4pi8KXUW1cF+z8FN2+7deH3FE2cuYgjhhA+CdLdJfzOMQ==",
      "dev": true
    },
    "allure-js-commons": {
      "version": "3.0.7",
      "resolved": "https://registry.npmjs.org/allure-js-commons/-/allure-js-commons-3.0.7.tgz",
      "integrity": "sha512-keHlPAtmzdtEK8FT5W0mOMYh9ZrdlhbrDyaaAKMNHipF/EsFak18XdbLiAKhnHbHiicE+n3BrmBU4rfQEoFHzA==",
      "dev": true,
      "requires": {
        "md5": "^2.3.0"
      }
    },
    "allure-playwright": {
      "version": "3.0.7",
      "resolved": "https://registry.npmjs.org/allure-playwright/-/allure-playwright-3.0.7.tgz",
      "integrity": "sha512-kFiPBCeAGOMcJmbFOw1ANjcfH+NuXMm5NIx8QEqb1XTqzMBTOA6xeci7DVgPlrKqJtgYm3AQ4YdxzBnJZzGrog==",
      "dev": true,
      "requires": {
        "allure-js-commons": "3.0.7"
      }
    },
    "asynckit": {
      "version": "0.4.0",
      "resolved": "https://registry.npmjs.org/asynckit/-/asynckit-0.4.0.tgz",
      "integrity": "sha512-Oei9OH4tRh0YqU3GxhX79dM/mwVgvbZJaSNaRk+bshkj0S5cfHcgYakreBjrHwatXKbz+IoIdYLxrKim2MjW0Q=="
    },
    "axios": {
      "version": "1.7.9",
      "resolved": "https://registry.npmjs.org/axios/-/axios-1.7.9.tgz",
      "integrity": "sha512-LhLcE7Hbiryz8oMDdDptSrWowmB4Bl6RCt6sIJKpRB4XtVf0iEgewX3au/pJqm+Py1kCASkb/FFKjxQaLtxJvw==",
      "requires": {
        "follow-redirects": "^1.15.6",
        "form-data": "^4.0.0",
        "proxy-from-env": "^1.1.0"
      }
    },
    "charenc": {
      "version": "0.0.2",
      "resolved": "https://registry.npmjs.org/charenc/-/charenc-0.0.2.tgz",
      "integrity": "sha512-yrLQ/yVUFXkzg7EDQsPieE/53+0RlaWTs+wBrvW36cyilJ2SaDWfl4Yj7MtLTXleV9uEKefbAGUPv2/iWSooRA==",
      "dev": true
    },
    "combined-stream": {
      "version": "1.0.8",
      "resolved": "https://registry.npmjs.org/combined-stream/-/combined-stream-1.0.8.tgz",
      "integrity": "sha512-FQN4MRfuJeHf7cBbBMJFXhKSDq+2kAArBlmRBvcvFE5BB1HZKXtSFASDhdlz9zOYwxh8lDdnvmMOe/+5cdoEdg==",
      "requires": {
        "delayed-stream": "~1.0.0"
      }
    },
    "crypt": {
      "version": "0.0.2",
      "resolved": "https://registry.npmjs.org/crypt/-/crypt-0.0.2.tgz",
      "integrity": "sha512-mCxBlsHFYh9C+HVpiEacem8FEBnMXgU9gy4zmNC+SXAZNB/1idgp/aulFJ4FgCi7GPEVbfyng092GqL2k2rmow==",
      "dev": true
    },
    "delayed-stream": {
      "version": "1.0.0",
      "resolved": "https://registry.npmjs.org/delayed-stream/-/delayed-stream-1.0.0.tgz",
      "integrity": "sha512-ZySD7Nf91aLB0RxL4KGrKHBXl7Eds1DAmEdcoVawXnLD7SDhpNgtuII2aAkg7a7QS41jxPSZ17p4VdGnMHk3MQ=="
    },
    "experimental-allure-js-commons": {
      "version": "0.0.1",
      "resolved": "https://registry.npmjs.org/experimental-allure-js-commons/-/experimental-allure-js-commons-0.0.1.tgz",
      "integrity": "sha512-/cduBI0j/Vj4+NyriSu4yHPetuXxOvg2xH10VAs2w9l0P917qKWhRO58gZrn6aXZBDalrmjAQXiqYNz2odNxOg==",
      "dev": true,
      "requires": {
        "mkdirp": "^1.0.4",
        "properties": "^1.2.1",
        "uuid": "^8.3.0"
      }
    },
    "experimental-allure-playwright": {
      "version": "0.0.3",
      "resolved": "https://registry.npmjs.org/experimental-allure-playwright/-/experimental-allure-playwright-0.0.3.tgz",
      "integrity": "sha512-SLLy5ipeAGRR/z4ZB0IXI8DZnYovoBfFwYV8ChrBbQsaAQJw9ZBCuMIkUHELd/dms+xakxWi6vKOAHEz7DcOvw==",
      "dev": true,
      "requires": {
        "@types/node": "^15.14.1",
        "experimental-allure-js-commons": "=0.0.1"
      },
      "dependencies": {
        "@types/node": {
          "version": "15.14.9",
          "resolved": "https://registry.npmjs.org/@types/node/-/node-15.14.9.tgz",
          "integrity": "sha512-qjd88DrCxupx/kJD5yQgZdcYKZKSIGBVDIBE1/LTGcNm3d2Np/jxojkdePDdfnBHJc5W7vSMpbJ1aB7p/Py69A==",
          "dev": true
        }
      }
    },
    "follow-redirects": {
      "version": "1.15.9",
      "resolved": "https://registry.npmjs.org/follow-redirects/-/follow-redirects-1.15.9.tgz",
      "integrity": "sha512-gew4GsXizNgdoRyqmyfMHyAmXsZDk6mHkSxZFCzW9gwlbtOW44CDtYavM+y+72qD/Vq2l550kMF52DT8fOLJqQ=="
    },
    "form-data": {
      "version": "4.0.1",
      "resolved": "https://registry.npmjs.org/form-data/-/form-data-4.0.1.tgz",
      "integrity": "sha512-tzN8e4TX8+kkxGPK8D5u0FNmjPUjw3lwC9lSLxxoB/+GtsJG91CO8bSWy73APlgAZzZbXEYZJuxjkHH2w+Ezhw==",
      "requires": {
        "asynckit": "^0.4.0",
        "combined-stream": "^1.0.8",
        "mime-types": "^2.1.12"
      }
    },
    "fsevents": {
      "version": "2.3.2",
      "resolved": "https://registry.npmjs.org/fsevents/-/fsevents-2.3.2.tgz",
      "integrity": "sha512-xiqMQR4xAeHTuB9uWm+fFRcIOgKBMiOBP+eXiyT7jsgVCq1bkVygt00oASowB7EdtpOHaaPgKt812P9ab+DDKA==",
      "dev": true,
      "optional": true
    },
    "is-buffer": {
      "version": "1.1.6",
      "resolved": "https://registry.npmjs.org/is-buffer/-/is-buffer-1.1.6.tgz",
      "integrity": "sha512-NcdALwpXkTm5Zvvbk7owOUSvVvBKDgKP5/ewfXEznmQFfs4ZRmanOeKBTjRVjka3QFoN6XJ+9F3USqfHqTaU5w==",
      "dev": true
    },
    "md5": {
      "version": "2.3.0",
      "resolved": "https://registry.npmjs.org/md5/-/md5-2.3.0.tgz",
      "integrity": "sha512-T1GITYmFaKuO91vxyoQMFETst+O71VUPEU3ze5GNzDm0OWdP8v1ziTaAEPUr/3kLsY3Sftgz242A1SetQiDL7g==",
      "dev": true,
      "requires": {
        "charenc": "0.0.2",
        "crypt": "0.0.2",
        "is-buffer": "~1.1.6"
      }
    },
    "mime-db": {
      "version": "1.52.0",
      "resolved": "https://registry.npmjs.org/mime-db/-/mime-db-1.52.0.tgz",
      "integrity": "sha512-sPU4uV7dYlvtWJxwwxHD0PuihVNiE7TyAbQ5SWxDCB9mUYvOgroQOwYQQOKPJ8CIbE+1ETVlOoK1UC2nU3gYvg=="
    },
    "mime-types": {
      "version": "2.1.35",
      "resolved": "https://registry.npmjs.org/mime-types/-/mime-types-2.1.35.tgz",
      "integrity": "sha512-ZDY+bPm5zTTF+YpCrAU9nK0UgICYPT0QtT1NZWFv4s++TNkcgVaT0g6+4R2uI4MjQjzysHB1zxuWL50hzaeXiw==",
      "requires": {
        "mime-db": "1.52.0"
      }
    },
    "mkdirp": {
      "version": "1.0.4",
      "resolved": "https://registry.npmjs.org/mkdirp/-/mkdirp-1.0.4.tgz",
      "integrity": "sha512-vVqVZQyf3WLx2Shd0qJ9xuvqgAyKPLAiqITEtqW0oIUjzo3PePDd6fW9iFz30ef7Ysp/oiWqbhszeGWW2T6Gzw==",
      "dev": true
    },
    "playwright": {
      "version": "1.49.1",
      "resolved": "https://registry.npmjs.org/playwright/-/playwright-1.49.1.tgz",
      "integrity": "sha512-VYL8zLoNTBxVOrJBbDuRgDWa3i+mfQgDTrL8Ah9QXZ7ax4Dsj0MSq5bYgytRnDVVe+njoKnfsYkH3HzqVj5UZA==",
      "dev": true,
      "requires": {
        "fsevents": "2.3.2",
        "playwright-core": "1.49.1"
      }
    },
    "playwright-core": {
      "version": "1.49.1",
      "resolved": "https://registry.npmjs.org/playwright-core/-/playwright-core-1.49.1.tgz",
      "integrity": "sha512-BzmpVcs4kE2CH15rWfzpjzVGhWERJfmnXmniSyKeRZUs9Ws65m+RGIi7mjJK/euCegfn3i7jvqWeWyHe9y3Vgg==",
      "dev": true
    },
    "prettier": {
      "version": "2.6.1",
      "resolved": "https://registry.npmjs.org/prettier/-/prettier-2.6.1.tgz",
      "integrity": "sha512-8UVbTBYGwN37Bs9LERmxCPjdvPxlEowx2urIL6urHzdb3SDq4B/Z6xLFCblrSnE4iKWcS6ziJ3aOYrc1kz/E2A=="
    },
    "properties": {
      "version": "1.2.1",
      "resolved": "https://registry.npmjs.org/properties/-/properties-1.2.1.tgz",
      "integrity": "sha1-Dul6f8AgsaKlW4ZZ7aSqjYaQlL0=",
      "dev": true
    },
    "proxy-from-env": {
      "version": "1.1.0",
      "resolved": "https://registry.npmjs.org/proxy-from-env/-/proxy-from-env-1.1.0.tgz",
      "integrity": "sha512-D+zkORCbA9f1tdWRK0RaCR3GPv50cMxcrz4X8k5LTSUD1Dkw47mKJEZQNunItRTkWwgtaUSo1RVFRIG9ZXiFYg=="
    },
    "uuid": {
      "version": "8.3.2",
      "resolved": "https://registry.npmjs.org/uuid/-/uuid-8.3.2.tgz",
      "integrity": "sha512-+NYs2QeMWy+GWFOEm9xnn6HCDp0l7QBD7ml8zLUmJ+93Q5NF0NocErnwkTkXVFNiX3/fpC6afS8Dhb/gz7R7eg==",
      "dev": true
    }
  }
}
